PODS:
  - audio_session (0.0.1):
    - Flutter
  - Flutter (1.0.0)
  - just_audio (0.0.1):
    - Flutter
  - path_provider_foundation (0.0.1):
    - Flutter
    - FlutterMacOS

DEPENDENCIES:
  - audio_session (from `.symlinks/plugins/audio_session/ios`)
  - Flutter (from `Flutter`)
  - just_audio (from `.symlinks/plugins/just_audio/ios`)
  - path_provider_foundation (from `.symlinks/plugins/path_provider_foundation/darwin`)

EXTERNAL SOURCES:
  audio_session:
    :path: ".symlinks/plugins/audio_session/ios"
  Flutter:
    :path: Flutter
  just_audio:
    :path: ".symlinks/plugins/just_audio/ios"
  path_provider_foundation:
    :path: ".symlinks/plugins/path_provider_foundation/darwin"

SPEC CHECKSUMS:
  audio_session: 4f3e461722055d21515cf3261b64c973c062f345
  Flutter: e0871f40cf51350855a761d2e70bf5af5b9b5de7
  just_audio: baa7252489dbcf47a4c7cc9ca663e9661c99aafa
  path_provider_foundation: 29f094ae23ebbca9d3d0cec13889cd9060c0e943

PODFILE CHECKSUM: c4c93c5f6502fe2754f48404d3594bf779584011

COCOAPODS: 1.15.2
